<?xml version="1.0" encoding="utf-8"?>
<Project ToolsVersion="4.0" xmlns="http://schemas.microsoft.com/developer/msbuild/2003">
  <ItemGroup>
    <Filter Include="Source Files">
      <UniqueIdentifier>{4FC737F1-C7A5-4376-A066-2A32D752A2FF}</UniqueIdentifier>
      <Extensions>cpp;c;cc;cxx;c++;cppm;ixx;def;odl;idl;hpj;bat;asm;asmx</Extensions>
    </Filter>
    <Filter Include="Header Files">
      <UniqueIdentifier>{93995380-89BD-4b04-88EB-625FBE52EBFB}</UniqueIdentifier>
      <Extensions>h;hh;hpp;hxx;h++;hm;inl;inc;ipp;xsd</Extensions>
    </Filter>
    <Filter Include="Resource Files">
      <UniqueIdentifier>{67DA6AB6-F800-4c08-8B7A-83BB121AAD01}</UniqueIdentifier>
      <Extensions>rc;ico;cur;bmp;dlg;rc2;rct;bin;rgs;gif;jpg;jpeg;jpe;resx;tiff;tif;png;wav;mfcribbon-ms</Extensions>
    </Filter>
    <Filter Include="GUI">
      <UniqueIdentifier>{fd2c422a-ba89-447c-b797-17cdb784a3bd}</UniqueIdentifier>
    </Filter>
    <Filter Include="GUI\imgui">
      <UniqueIdentifier>{cc6a34b1-c694-437c-a7bf-d08546cc57c7}</UniqueIdentifier>
    </Filter>
    <Filter Include="GUI\backend">
      <UniqueIdentifier>{89b1b164-66e8-49cf-ba95-9c853610bae4}</UniqueIdentifier>
    </Filter>
  </ItemGroup>
  <ItemGroup>
    <ClCompile Include="Sources\main.cpp">
      <Filter>Source Files</Filter>
    </ClCompile>
    <ClCompile Include="Sources\GUI\backend\imgui_impl_glfw.cpp">
      <Filter>GUI\backend</Filter>
    </ClCompile>
    <ClCompile Include="Sources\GUI\backend\imgui_impl_opengl3.cpp">
      <Filter>GUI\backend</Filter>
    </ClCompile>
    <ClCompile Include="Sources\GUI\imgui\imgui.cpp">
      <Filter>GUI\imgui</Filter>
    </ClCompile>
    <ClCompile Include="Sources\GUI\imgui\imgui_demo.cpp">
      <Filter>GUI\imgui</Filter>
    </ClCompile>
    <ClCompile Include="Sources\GUI\imgui\imgui_draw.cpp">
      <Filter>GUI\imgui</Filter>
    </ClCompile>
    <ClCompile Include="Sources\GUI\imgui\imgui_tables.cpp">
      <Filter>GUI\imgui</Filter>
    </ClCompile>
    <ClCompile Include="Sources\GUI\imgui\imgui_widgets.cpp">
      <Filter>GUI\imgui</Filter>
    </ClCompile>
    <ClCompile Include="Sources\shader.cpp">
      <Filter>Source Files</Filter>
    </ClCompile>
    <ClCompile Include="..\..\..\..\..\..\..\..\CUDA\Boids\src\glad.c">
      <Filter>Source Files</Filter>
    </ClCompile>
    <ClCompile Include="Sources\viewmodel.cpp">
      <Filter>Source Files</Filter>
    </ClCompile>
    <ClCompile Include="Sources\mesh.cpp">
      <Filter>Source Files</Filter>
    </ClCompile>
    <ClCompile Include="Sources\model.cpp">
      <Filter>Source Files</Filter>
    </ClCompile>
    <ClCompile Include="Sources\camera.cpp">
      <Filter>Source Files</Filter>
    </ClCompile>
    <ClCompile Include="Sources\skybox.cpp">
      <Filter>Source Files</Filter>
    </ClCompile>
    <ClCompile Include="Sources\textureloading.cpp">
      <Filter>Source Files</Filter>
    </ClCompile>
  </ItemGroup>
  <ItemGroup>
    <ClInclude Include="Sources\GUI\backend\imgui_impl_glfw.h">
      <Filter>GUI\backend</Filter>
    </ClInclude>
    <ClInclude Include="Sources\GUI\backend\imgui_impl_opengl3.h">
      <Filter>GUI\backend</Filter>
    </ClInclude>
    <ClInclude Include="Sources\GUI\backend\imgui_impl_opengl3_loader.h">
      <Filter>GUI\backend</Filter>
    </ClInclude>
    <ClInclude Include="Sources\GUI\imgui\imconfig.h">
      <Filter>GUI\imgui</Filter>
    </ClInclude>
    <ClInclude Include="Sources\GUI\imgui\imgui.h">
      <Filter>GUI\imgui</Filter>
    </ClInclude>
    <ClInclude Include="Sources\GUI\imgui\imgui_internal.h">
      <Filter>GUI\imgui</Filter>
    </ClInclude>
    <ClInclude Include="Sources\shader.hpp">
      <Filter>Source Files</Filter>
    </ClInclude>
    <ClInclude Include="Sources\viewmodel.hpp">
      <Filter>Header Files</Filter>
    </ClInclude>
    <ClInclude Include="Sources\model.hpp">
      <Filter>Header Files</Filter>
    </ClInclude>
    <ClInclude Include="Sources\mesh.hpp">
      <Filter>Header Files</Filter>
    </ClInclude>
    <ClInclude Include="Sources\light.hpp">
      <Filter>Header Files</Filter>
    </ClInclude>
    <ClInclude Include="Sources\stb_image.h">
      <Filter>Header Files</Filter>
    </ClInclude>
    <ClInclude Include="Sources\camera.hpp">
      <Filter>Header Files</Filter>
    </ClInclude>
    <ClInclude Include="Sources\skybox.hpp">
      <Filter>Header Files</Filter>
    </ClInclude>
    <ClInclude Include="Sources\textureloading.hpp">
      <Filter>Header Files</Filter>
    </ClInclude>
  </ItemGroup>
  <ItemGroup>
    <None Include="Shaders\phong.vert" />
    <None Include="Shaders\phong.frag" />
    <None Include="Shaders\gouraud.vert" />
    <None Include="Shaders\gouraud.frag" />
    <None Include="Shaders\skybox.vert" />
    <None Include="Shaders\skybox.frag" />
  </ItemGroup>
</Project>